
Microsoft Visual Studio Solution File, Format Version 12.00
# Visual Studio Version 17
VisualStudioVersion = 17.3.32819.101
MinimumVisualStudioVersion = 10.0.40219.1
Project("{FAE04EC0-301F-11D3-BF4B-00C04F79EFBC}") = "PROYECTO_PROGRA", "PROYECTO_PROGRA\PROYECTO_PROGRA.csproj", "{6564C6BF-1EB3-4394-910D-4FF759C1BA42}"
EndProject
Global
	GlobalSection(SolutionConfigurationPlatforms) = preSolution
		Debug|Any CPU = Debug|Any CPU
		Release|Any CPU = Release|Any CPU
	EndGlobalSection
	GlobalSection(ProjectConfigurationPlatforms) = postSolution
		{6564C6BF-1EB3-4394-910D-4FF759C1BA42}.Debug|Any CPU.ActiveCfg = Debug|Any CPU
		{6564C6BF-1EB3-4394-910D-4FF759C1BA42}.Debug|Any CPU.Build.0 = Debug|Any CPU
		{6564C6BF-1EB3-4394-910D-4FF759C1BA42}.Release|Any CPU.ActiveCfg = Release|Any CPU
		{6564C6BF-1EB3-4394-910D-4FF759C1BA42}.Release|Any CPU.Build.0 = Release|Any CPU
	EndGlobalSection
	GlobalSection(SolutionProperties) = preSolution
		HideSolutionNode = FALSE
	EndGlobalSection
	GlobalSection(ExtensibilityGlobals) = postSolution
		SolutionGuid = {324CC5F4-777B-4270-BF54-E5DBB60CAC9A}
	EndGlobalSection
EndGlobal
